
Microsoft Visual Studio Solution File, Format Version 12.00
#
Project("{F2A71F9B-5D33-465A-A702-920D77279786}") = "С1-3", "С1-3\С1-3.fsproj", "{293C79E4-99CE-4951-A188-97B7037D133C}"
EndProject
Project("{2150E333-8FDC-42A3-9474-1A3956D46DE8}") = "src", "src", "{BB1CAED5-998D-4DB2-8706-0191866CDE47}"
EndProject
Project("{F2A71F9B-5D33-465A-A702-920D77279786}") = "MyProject", "src\MyProject\MyProject.fsproj", "{78686DF7-4F69-41B0-9E48-79D3DC0E8302}"
EndProject
Project("{2150E333-8FDC-42A3-9474-1A3956D46DE8}") = "tests", "tests", "{BF1A72AF-B564-469B-9C7E-5ED32AD60E9E}"
EndProject
Project("{F2A71F9B-5D33-465A-A702-920D77279786}") = "MyProjectTests", "tests\MyProjectTests\MyProjectTests.fsproj", "{23435CF3-4CE5-4373-963B-2D6D5AD11A0C}"
EndProject
Project("{2150E333-8FDC-42A3-9474-1A3956D46DE8}") = "С5-IntroToCollections", "С5-IntroToCollections", "{35AAC7BC-C723-4E14-A29A-59DA1509D181}"
	ProjectSection(SolutionItems) = preProject
		lists.fsx = lists.fsx
	EndProjectSection
EndProject
Global
	GlobalSection(SolutionConfigurationPlatforms) = preSolution
		Debug|Any CPU = Debug|Any CPU
		Release|Any CPU = Release|Any CPU
	EndGlobalSection
	GlobalSection(ProjectConfigurationPlatforms) = postSolution
		{293C79E4-99CE-4951-A188-97B7037D133C}.Debug|Any CPU.ActiveCfg = Debug|Any CPU
		{293C79E4-99CE-4951-A188-97B7037D133C}.Debug|Any CPU.Build.0 = Debug|Any CPU
		{293C79E4-99CE-4951-A188-97B7037D133C}.Release|Any CPU.ActiveCfg = Release|Any CPU
		{293C79E4-99CE-4951-A188-97B7037D133C}.Release|Any CPU.Build.0 = Release|Any CPU
		{78686DF7-4F69-41B0-9E48-79D3DC0E8302}.Debug|Any CPU.ActiveCfg = Debug|Any CPU
		{78686DF7-4F69-41B0-9E48-79D3DC0E8302}.Debug|Any CPU.Build.0 = Debug|Any CPU
		{78686DF7-4F69-41B0-9E48-79D3DC0E8302}.Release|Any CPU.ActiveCfg = Release|Any CPU
		{78686DF7-4F69-41B0-9E48-79D3DC0E8302}.Release|Any CPU.Build.0 = Release|Any CPU
		{23435CF3-4CE5-4373-963B-2D6D5AD11A0C}.Debug|Any CPU.ActiveCfg = Debug|Any CPU
		{23435CF3-4CE5-4373-963B-2D6D5AD11A0C}.Debug|Any CPU.Build.0 = Debug|Any CPU
		{23435CF3-4CE5-4373-963B-2D6D5AD11A0C}.Release|Any CPU.ActiveCfg = Release|Any CPU
		{23435CF3-4CE5-4373-963B-2D6D5AD11A0C}.Release|Any CPU.Build.0 = Release|Any CPU
	EndGlobalSection
	GlobalSection(NestedProjects) = preSolution
		{78686DF7-4F69-41B0-9E48-79D3DC0E8302} = {BB1CAED5-998D-4DB2-8706-0191866CDE47}
		{23435CF3-4CE5-4373-963B-2D6D5AD11A0C} = {BF1A72AF-B564-469B-9C7E-5ED32AD60E9E}
	EndGlobalSection
EndGlobal
