<?xml version="1.0" encoding="utf-8"?>
<Project ToolsVersion="4.0" xmlns="http://schemas.microsoft.com/developer/msbuild/2003">
  <ItemGroup>
    <Filter Include="common">
      <UniqueIdentifier>{ff0fb9d2-2f02-43b1-848c-2451ae708484}</UniqueIdentifier>
    </Filter>
    <Filter Include="libsigner">
      <UniqueIdentifier>{18e5fba6-fd09-445e-bed4-f8b11804a46d}</UniqueIdentifier>
    </Filter>
    <Filter Include="libsigner\src">
      <UniqueIdentifier>{0cb328c9-a363-4824-81d4-c79d88a1232b}</UniqueIdentifier>
    </Filter>
    <Filter Include="libsigner\src\win">
      <UniqueIdentifier>{8d055d9d-631f-409d-a46e-9c0399c1c579}</UniqueIdentifier>
    </Filter>
  </ItemGroup>
  <ItemGroup>
    <ClInclude Include="unknown_tmpl.h">
      <Filter>common</Filter>
    </ClInclude>
    <ClInclude Include="signer.h">
      <Filter>libsigner</Filter>
    </ClInclude>
    <ClInclude Include="IFile.h">
      <Filter>libsigner</Filter>
    </ClInclude>
    <ClInclude Include="signer_impl.h">
      <Filter>libsigner\src</Filter>
    </ClInclude>
    <ClInclude Include="signer_fwd.h">
      <Filter>libsigner</Filter>
    </ClInclude>
  </ItemGroup>
  <ItemGroup>
    <ClCompile Include="dllmain.cpp">
      <Filter>libsigner\src\win</Filter>
    </ClCompile>
    <ClCompile Include="signer.cpp">
      <Filter>libsigner\src</Filter>
    </ClCompile>
    <ClCompile Include="signer_impl.cpp">
      <Filter>libsigner\src</Filter>
    </ClCompile>
  </ItemGroup>
  <ItemGroup>
    <None Include="cyclope.def">
      <Filter>libsigner\src\win</Filter>
    </None>
  </ItemGroup>
</Project>