
Microsoft Visual Studio Solution File, Format Version 12.00
# Visual Studio 2012
Project("{FAE04EC0-301F-11D3-BF4B-00C04F79EFBC}") = "Publisher", "src\RedisStarter\Publisher.csproj", "{A87DA280-C52E-4A6C-8F3E-E88AB9DBE3E0}"
EndProject
Project("{2150E333-8FDC-42A3-9474-1A3956D46DE8}") = ".nuget", ".nuget", "{2EC5D7DB-84F8-40F4-980F-CD7C92F5991A}"
	ProjectSection(SolutionItems) = preProject
		.nuget\NuGet.Config = .nuget\NuGet.Config
		.nuget\NuGet.exe = .nuget\NuGet.exe
		.nuget\NuGet.targets = .nuget\NuGet.targets
	EndProjectSection
EndProject
Project("{FAE04EC0-301F-11D3-BF4B-00C04F79EFBC}") = "Subscriber", "src\Client1\Subscriber.csproj", "{7F426DF7-ADEB-463C-A953-E14540B539C1}"
EndProject
Global
	GlobalSection(SolutionConfigurationPlatforms) = preSolution
		Debug|Any CPU = Debug|Any CPU
		Release|Any CPU = Release|Any CPU
	EndGlobalSection
	GlobalSection(ProjectConfigurationPlatforms) = postSolution
		{A87DA280-C52E-4A6C-8F3E-E88AB9DBE3E0}.Debug|Any CPU.ActiveCfg = Debug|Any CPU
		{A87DA280-C52E-4A6C-8F3E-E88AB9DBE3E0}.Debug|Any CPU.Build.0 = Debug|Any CPU
		{A87DA280-C52E-4A6C-8F3E-E88AB9DBE3E0}.Release|Any CPU.ActiveCfg = Release|Any CPU
		{A87DA280-C52E-4A6C-8F3E-E88AB9DBE3E0}.Release|Any CPU.Build.0 = Release|Any CPU
		{7F426DF7-ADEB-463C-A953-E14540B539C1}.Debug|Any CPU.ActiveCfg = Debug|Any CPU
		{7F426DF7-ADEB-463C-A953-E14540B539C1}.Debug|Any CPU.Build.0 = Debug|Any CPU
		{7F426DF7-ADEB-463C-A953-E14540B539C1}.Release|Any CPU.ActiveCfg = Release|Any CPU
		{7F426DF7-ADEB-463C-A953-E14540B539C1}.Release|Any CPU.Build.0 = Release|Any CPU
	EndGlobalSection
	GlobalSection(SolutionProperties) = preSolution
		HideSolutionNode = FALSE
	EndGlobalSection
EndGlobal
